
Microsoft Visual Studio Solution File, Format Version 12.00
# Visual Studio 15
VisualStudioVersion = 15.0.28307.168
MinimumVisualStudioVersion = 10.0.40219.1
Project("{FAE04EC0-301F-11D3-BF4B-00C04F79EFBC}") = "provaWeb", "provaWeb\provaWeb.csproj", "{758B4D3F-B41F-40C0-B8A8-C0AAC4EF972A}"
EndProject
Global
	GlobalSection(SolutionConfigurationPlatforms) = preSolution
		Debug|Any CPU = Debug|Any CPU
		Release|Any CPU = Release|Any CPU
	EndGlobalSection
	GlobalSection(ProjectConfigurationPlatforms) = postSolution
		{758B4D3F-B41F-40C0-B8A8-C0AAC4EF972A}.Debug|Any CPU.ActiveCfg = Debug|Any CPU
		{758B4D3F-B41F-40C0-B8A8-C0AAC4EF972A}.Debug|Any CPU.Build.0 = Debug|Any CPU
		{758B4D3F-B41F-40C0-B8A8-C0AAC4EF972A}.Release|Any CPU.ActiveCfg = Release|Any CPU
		{758B4D3F-B41F-40C0-B8A8-C0AAC4EF972A}.Release|Any CPU.Build.0 = Release|Any CPU
	EndGlobalSection
	GlobalSection(SolutionProperties) = preSolution
		HideSolutionNode = FALSE
	EndGlobalSection
	GlobalSection(ExtensibilityGlobals) = postSolution
		SolutionGuid = {1911F26D-32D8-47E6-8842-B41465872373}
	EndGlobalSection
EndGlobal
